{
  "name": "logic-in-ya-json",
  "version": "1.0.0",
  "lockfileVersion": 1,
  "requires": true,
  "dependencies": {
    "dotty": {
      "version": "0.0.2",
      "resolved": "https://registry.npmjs.org/dotty/-/dotty-0.0.2.tgz",
      "integrity": "sha1-4d6NRiZ7YvreErW1jCHKUUxKeqE="
    },
    "lib-jsl": {
      "version": "0.0.17",
      "resolved": "https://registry.npmjs.org/lib-jsl/-/lib-jsl-0.0.17.tgz",
      "integrity": "sha1-WOtzt7icZgQoAMLSKWyKB+Aa0Xk="
    }
  }
}
